{
  "requires": true,
  "lockfileVersion": 1,
  "dependencies": {
    "just-validate": {
      "version": "3.5.1",
      "resolved": "https://registry.npmjs.org/just-validate/-/just-validate-3.5.1.tgz",
      "integrity": "sha512-NKuUFjhd/O7fi4Y/n27VUeXv1dDfkIUx5MeDOs+fW7yXmDfH37MvYT43c+GxYx9DXUOymtnoK9dGINfAKKssnQ=="
    }
  }
}
